// !$*UTF8*$!
{
	archiveVersion = 1;
	classes = {
	};
	objectVersion = 56;
	objects = {

/* Begin PBXBuildFile section */
		8780D61F29ECAB82003E3BCF /* AppDelegate.swift in Sources */ = {isa = PBXBuildFile; fileRef = 8780D61E29ECAB82003E3BCF /* AppDelegate.swift */; };
		8780D62129ECAB82003E3BCF /* SceneDelegate.swift in Sources */ = {isa = PBXBuildFile; fileRef = 8780D62029ECAB82003E3BCF /* SceneDelegate.swift */; };
		8780D62329ECAB82003E3BCF /* RMTabBarViewController.swift in Sources */ = {isa = PBXBuildFile; fileRef = 8780D62229ECAB82003E3BCF /* RMTabBarViewController.swift */; };
		8780D62829ECAB84003E3BCF /* Assets.xcassets in Resources */ = {isa = PBXBuildFile; fileRef = 8780D62729ECAB84003E3BCF /* Assets.xcassets */; };
		8780D62B29ECAB84003E3BCF /* LaunchScreen.storyboard in Resources */ = {isa = PBXBuildFile; fileRef = 8780D62929ECAB84003E3BCF /* LaunchScreen.storyboard */; };
		8780D63A29ED40D8003E3BCF /* RMLocation.swift in Sources */ = {isa = PBXBuildFile; fileRef = 8780D63929ED40D8003E3BCF /* RMLocation.swift */; };
		8780D63C29ED40FB003E3BCF /* RMCharacter.swift in Sources */ = {isa = PBXBuildFile; fileRef = 8780D63B29ED40FB003E3BCF /* RMCharacter.swift */; };
		8780D63E29ED4113003E3BCF /* RMEpisode.swift in Sources */ = {isa = PBXBuildFile; fileRef = 8780D63D29ED4113003E3BCF /* RMEpisode.swift */; };
		8780D64129ED41CD003E3BCF /* RMCharacterViewController.swift in Sources */ = {isa = PBXBuildFile; fileRef = 8780D64029ED41CD003E3BCF /* RMCharacterViewController.swift */; };
		8780D64329ED41F6003E3BCF /* RMLocationViewController.swift in Sources */ = {isa = PBXBuildFile; fileRef = 8780D64229ED41F6003E3BCF /* RMLocationViewController.swift */; };
		8780D64529ED4213003E3BCF /* RMEpisodeViewController.swift in Sources */ = {isa = PBXBuildFile; fileRef = 8780D64429ED4213003E3BCF /* RMEpisodeViewController.swift */; };
		8780D64729ED4242003E3BCF /* RMSettingsViewController.swift in Sources */ = {isa = PBXBuildFile; fileRef = 8780D64629ED4242003E3BCF /* RMSettingsViewController.swift */; };
		8780D64929ED6D1A003E3BCF /* RMService.swift in Sources */ = {isa = PBXBuildFile; fileRef = 8780D64829ED6D19003E3BCF /* RMService.swift */; };
		8780D64B29ED6D4E003E3BCF /* RMRequest.swift in Sources */ = {isa = PBXBuildFile; fileRef = 8780D64A29ED6D4E003E3BCF /* RMRequest.swift */; };
		8780D64D29ED708A003E3BCF /* RMEndpoint.swift in Sources */ = {isa = PBXBuildFile; fileRef = 8780D64C29ED708A003E3BCF /* RMEndpoint.swift */; };
/* End PBXBuildFile section */

/* Begin PBXFileReference section */
		8780D61B29ECAB82003E3BCF /* RickAndMorty.app */ = {isa = PBXFileReference; explicitFileType = wrapper.application; includeInIndex = 0; path = RickAndMorty.app; sourceTree = BUILT_PRODUCTS_DIR; };
		8780D61E29ECAB82003E3BCF /* AppDelegate.swift */ = {isa = PBXFileReference; lastKnownFileType = sourcecode.swift; path = AppDelegate.swift; sourceTree = "<group>"; };
		8780D62029ECAB82003E3BCF /* SceneDelegate.swift */ = {isa = PBXFileReference; lastKnownFileType = sourcecode.swift; path = SceneDelegate.swift; sourceTree = "<group>"; };
		8780D62229ECAB82003E3BCF /* RMTabBarViewController.swift */ = {isa = PBXFileReference; lastKnownFileType = sourcecode.swift; path = RMTabBarViewController.swift; sourceTree = "<group>"; };
		8780D62729ECAB84003E3BCF /* Assets.xcassets */ = {isa = PBXFileReference; lastKnownFileType = folder.assetcatalog; path = Assets.xcassets; sourceTree = "<group>"; };
		8780D62A29ECAB84003E3BCF /* Base */ = {isa = PBXFileReference; lastKnownFileType = file.storyboard; name = Base; path = Base.lproj/LaunchScreen.storyboard; sourceTree = "<group>"; };
		8780D62C29ECAB84003E3BCF /* Info.plist */ = {isa = PBXFileReference; lastKnownFileType = text.plist.xml; path = Info.plist; sourceTree = "<group>"; };
		8780D63929ED40D8003E3BCF /* RMLocation.swift */ = {isa = PBXFileReference; lastKnownFileType = sourcecode.swift; path = RMLocation.swift; sourceTree = "<group>"; };
		8780D63B29ED40FB003E3BCF /* RMCharacter.swift */ = {isa = PBXFileReference; lastKnownFileType = sourcecode.swift; path = RMCharacter.swift; sourceTree = "<group>"; };
		8780D63D29ED4113003E3BCF /* RMEpisode.swift */ = {isa = PBXFileReference; lastKnownFileType = sourcecode.swift; path = RMEpisode.swift; sourceTree = "<group>"; };
		8780D64029ED41CD003E3BCF /* RMCharacterViewController.swift */ = {isa = PBXFileReference; lastKnownFileType = sourcecode.swift; path = RMCharacterViewController.swift; sourceTree = "<group>"; };
		8780D64229ED41F6003E3BCF /* RMLocationViewController.swift */ = {isa = PBXFileReference; lastKnownFileType = sourcecode.swift; path = RMLocationViewController.swift; sourceTree = "<group>"; };
		8780D64429ED4213003E3BCF /* RMEpisodeViewController.swift */ = {isa = PBXFileReference; lastKnownFileType = sourcecode.swift; path = RMEpisodeViewController.swift; sourceTree = "<group>"; };
		8780D64629ED4242003E3BCF /* RMSettingsViewController.swift */ = {isa = PBXFileReference; lastKnownFileType = sourcecode.swift; path = RMSettingsViewController.swift; sourceTree = "<group>"; };
		8780D64829ED6D19003E3BCF /* RMService.swift */ = {isa = PBXFileReference; lastKnownFileType = sourcecode.swift; path = RMService.swift; sourceTree = "<group>"; };
		8780D64A29ED6D4E003E3BCF /* RMRequest.swift */ = {isa = PBXFileReference; lastKnownFileType = sourcecode.swift; path = RMRequest.swift; sourceTree = "<group>"; };
		8780D64C29ED708A003E3BCF /* RMEndpoint.swift */ = {isa = PBXFileReference; lastKnownFileType = sourcecode.swift; path = RMEndpoint.swift; sourceTree = "<group>"; };
/* End PBXFileReference section */

/* Begin PBXFrameworksBuildPhase section */
		8780D61829ECAB82003E3BCF /* Frameworks */ = {
			isa = PBXFrameworksBuildPhase;
			buildActionMask = 2147483647;
			files = (
			);
			runOnlyForDeploymentPostprocessing = 0;
		};
/* End PBXFrameworksBuildPhase section */

/* Begin PBXGroup section */
		8780D61229ECAB82003E3BCF = {
			isa = PBXGroup;
			children = (
				8780D61D29ECAB82003E3BCF /* RickAndMorty */,
				8780D61C29ECAB82003E3BCF /* Products */,
			);
			sourceTree = "<group>";
		};
		8780D61C29ECAB82003E3BCF /* Products */ = {
			isa = PBXGroup;
			children = (
				8780D61B29ECAB82003E3BCF /* RickAndMorty.app */,
			);
			name = Products;
			sourceTree = "<group>";
		};
		8780D61D29ECAB82003E3BCF /* RickAndMorty */ = {
			isa = PBXGroup;
			children = (
				8780D63729ED3CF5003E3BCF /* Resources */,
				8780D63629ED3CEB003E3BCF /* Managers */,
				8780D63529ED3CD9003E3BCF /* APIClient */,
				8780D63429ED3CCF003E3BCF /* ViewModel */,
				8780D63329ED3CC9003E3BCF /* View */,
				8780D63829ED4048003E3BCF /* Model */,
				8780D63229ED3CB5003E3BCF /* Controller */,
				8780D62C29ECAB84003E3BCF /* Info.plist */,
			);
			path = RickAndMorty;
			sourceTree = "<group>";
		};
		8780D63229ED3CB5003E3BCF /* Controller */ = {
			isa = PBXGroup;
			children = (
				8780D63F29ED4182003E3BCF /* Core */,
			);
			path = Controller;
			sourceTree = "<group>";
		};
		8780D63329ED3CC9003E3BCF /* View */ = {
			isa = PBXGroup;
			children = (
			);
			path = View;
			sourceTree = "<group>";
		};
		8780D63429ED3CCF003E3BCF /* ViewModel */ = {
			isa = PBXGroup;
			children = (
			);
			path = ViewModel;
			sourceTree = "<group>";
		};
		8780D63529ED3CD9003E3BCF /* APIClient */ = {
			isa = PBXGroup;
			children = (
				8780D64829ED6D19003E3BCF /* RMService.swift */,
				8780D64A29ED6D4E003E3BCF /* RMRequest.swift */,
				8780D64C29ED708A003E3BCF /* RMEndpoint.swift */,
			);
			path = APIClient;
			sourceTree = "<group>";
		};
		8780D63629ED3CEB003E3BCF /* Managers */ = {
			isa = PBXGroup;
			children = (
			);
			path = Managers;
			sourceTree = "<group>";
		};
		8780D63729ED3CF5003E3BCF /* Resources */ = {
			isa = PBXGroup;
			children = (
				8780D62729ECAB84003E3BCF /* Assets.xcassets */,
				8780D62929ECAB84003E3BCF /* LaunchScreen.storyboard */,
				8780D61E29ECAB82003E3BCF /* AppDelegate.swift */,
				8780D62029ECAB82003E3BCF /* SceneDelegate.swift */,
			);
			path = Resources;
			sourceTree = "<group>";
		};
		8780D63829ED4048003E3BCF /* Model */ = {
			isa = PBXGroup;
			children = (
				8780D63929ED40D8003E3BCF /* RMLocation.swift */,
				8780D63B29ED40FB003E3BCF /* RMCharacter.swift */,
				8780D63D29ED4113003E3BCF /* RMEpisode.swift */,
			);
			path = Model;
			sourceTree = "<group>";
		};
		8780D63F29ED4182003E3BCF /* Core */ = {
			isa = PBXGroup;
			children = (
				8780D62229ECAB82003E3BCF /* RMTabBarViewController.swift */,
				8780D64029ED41CD003E3BCF /* RMCharacterViewController.swift */,
				8780D64229ED41F6003E3BCF /* RMLocationViewController.swift */,
				8780D64429ED4213003E3BCF /* RMEpisodeViewController.swift */,
				8780D64629ED4242003E3BCF /* RMSettingsViewController.swift */,
			);
			path = Core;
			sourceTree = "<group>";
		};
/* End PBXGroup section */

/* Begin PBXNativeTarget section */
		8780D61A29ECAB82003E3BCF /* RickAndMorty */ = {
			isa = PBXNativeTarget;
			buildConfigurationList = 8780D62F29ECAB84003E3BCF /* Build configuration list for PBXNativeTarget "RickAndMorty" */;
			buildPhases = (
				8780D61729ECAB82003E3BCF /* Sources */,
				8780D61829ECAB82003E3BCF /* Frameworks */,
				8780D61929ECAB82003E3BCF /* Resources */,
			);
			buildRules = (
			);
			dependencies = (
			);
			name = RickAndMorty;
			productName = RickAndMorty;
			productReference = 8780D61B29ECAB82003E3BCF /* RickAndMorty.app */;
			productType = "com.apple.product-type.application";
		};
/* End PBXNativeTarget section */

/* Begin PBXProject section */
		8780D61329ECAB82003E3BCF /* Project object */ = {
			isa = PBXProject;
			attributes = {
				BuildIndependentTargetsInParallel = 1;
				LastSwiftUpdateCheck = 1430;
				LastUpgradeCheck = 1430;
				TargetAttributes = {
					8780D61A29ECAB82003E3BCF = {
						CreatedOnToolsVersion = 14.3;
					};
				};
			};
			buildConfigurationList = 8780D61629ECAB82003E3BCF /* Build configuration list for PBXProject "RickAndMorty" */;
			compatibilityVersion = "Xcode 14.0";
			developmentRegion = en;
			hasScannedForEncodings = 0;
			knownRegions = (
				en,
				Base,
			);
			mainGroup = 8780D61229ECAB82003E3BCF;
			productRefGroup = 8780D61C29ECAB82003E3BCF /* Products */;
			projectDirPath = "";
			projectRoot = "";
			targets = (
				8780D61A29ECAB82003E3BCF /* RickAndMorty */,
			);
		};
/* End PBXProject section */

/* Begin PBXResourcesBuildPhase section */
		8780D61929ECAB82003E3BCF /* Resources */ = {
			isa = PBXResourcesBuildPhase;
			buildActionMask = 2147483647;
			files = (
				8780D62B29ECAB84003E3BCF /* LaunchScreen.storyboard in Resources */,
				8780D62829ECAB84003E3BCF /* Assets.xcassets in Resources */,
			);
			runOnlyForDeploymentPostprocessing = 0;
		};
/* End PBXResourcesBuildPhase section */

/* Begin PBXSourcesBuildPhase section */
		8780D61729ECAB82003E3BCF /* Sources */ = {
			isa = PBXSourcesBuildPhase;
			buildActionMask = 2147483647;
			files = (
				8780D64329ED41F6003E3BCF /* RMLocationViewController.swift in Sources */,
				8780D63E29ED4113003E3BCF /* RMEpisode.swift in Sources */,
				8780D62329ECAB82003E3BCF /* RMTabBarViewController.swift in Sources */,
				8780D64529ED4213003E3BCF /* RMEpisodeViewController.swift in Sources */,
				8780D61F29ECAB82003E3BCF /* AppDelegate.swift in Sources */,
				8780D62129ECAB82003E3BCF /* SceneDelegate.swift in Sources */,
				8780D64729ED4242003E3BCF /* RMSettingsViewController.swift in Sources */,
				8780D64929ED6D1A003E3BCF /* RMService.swift in Sources */,
				8780D63A29ED40D8003E3BCF /* RMLocation.swift in Sources */,
				8780D64D29ED708A003E3BCF /* RMEndpoint.swift in Sources */,
				8780D63C29ED40FB003E3BCF /* RMCharacter.swift in Sources */,
				8780D64B29ED6D4E003E3BCF /* RMRequest.swift in Sources */,
				8780D64129ED41CD003E3BCF /* RMCharacterViewController.swift in Sources */,
			);
			runOnlyForDeploymentPostprocessing = 0;
		};
/* End PBXSourcesBuildPhase section */

/* Begin PBXVariantGroup section */
		8780D62929ECAB84003E3BCF /* LaunchScreen.storyboard */ = {
			isa = PBXVariantGroup;
			children = (
				8780D62A29ECAB84003E3BCF /* Base */,
			);
			name = LaunchScreen.storyboard;
			sourceTree = "<group>";
		};
/* End PBXVariantGroup section */

/* Begin XCBuildConfiguration section */
		8780D62D29ECAB84003E3BCF /* Debug */ = {
			isa = XCBuildConfiguration;
			buildSettings = {
				ALWAYS_SEARCH_USER_PATHS = NO;
				CLANG_ANALYZER_NONNULL = YES;
				CLANG_ANALYZER_NUMBER_OBJECT_CONVERSION = YES_AGGRESSIVE;
				CLANG_CXX_LANGUAGE_STANDARD = "gnu++20";
				CLANG_ENABLE_MODULES = YES;
				CLANG_ENABLE_OBJC_ARC = YES;
				CLANG_ENABLE_OBJC_WEAK = YES;
				CLANG_WARN_BLOCK_CAPTURE_AUTORELEASING = YES;
				CLANG_WARN_BOOL_CONVERSION = YES;
				CLANG_WARN_COMMA = YES;
				CLANG_WARN_CONSTANT_CONVERSION = YES;
				CLANG_WARN_DEPRECATED_OBJC_IMPLEMENTATIONS = YES;
				CLANG_WARN_DIRECT_OBJC_ISA_USAGE = YES_ERROR;
				CLANG_WARN_DOCUMENTATION_COMMENTS = YES;
				CLANG_WARN_EMPTY_BODY = YES;
				CLANG_WARN_ENUM_CONVERSION = YES;
				CLANG_WARN_INFINITE_RECURSION = YES;
				CLANG_WARN_INT_CONVERSION = YES;
				CLANG_WARN_NON_LITERAL_NULL_CONVERSION = YES;
				CLANG_WARN_OBJC_IMPLICIT_RETAIN_SELF = YES;
				CLANG_WARN_OBJC_LITERAL_CONVERSION = YES;
				CLANG_WARN_OBJC_ROOT_CLASS = YES_ERROR;
				CLANG_WARN_QUOTED_INCLUDE_IN_FRAMEWORK_HEADER = YES;
				CLANG_WARN_RANGE_LOOP_ANALYSIS = YES;
				CLANG_WARN_STRICT_PROTOTYPES = YES;
				CLANG_WARN_SUSPICIOUS_MOVE = YES;
				CLANG_WARN_UNGUARDED_AVAILABILITY = YES_AGGRESSIVE;
				CLANG_WARN_UNREACHABLE_CODE = YES;
				CLANG_WARN__DUPLICATE_METHOD_MATCH = YES;
				COPY_PHASE_STRIP = NO;
				DEBUG_INFORMATION_FORMAT = dwarf;
				ENABLE_STRICT_OBJC_MSGSEND = YES;
				ENABLE_TESTABILITY = YES;
				GCC_C_LANGUAGE_STANDARD = gnu11;
				GCC_DYNAMIC_NO_PIC = NO;
				GCC_NO_COMMON_BLOCKS = YES;
				GCC_OPTIMIZATION_LEVEL = 0;
				GCC_PREPROCESSOR_DEFINITIONS = (
					"DEBUG=1",
					"$(inherited)",
				);
				GCC_WARN_64_TO_32_BIT_CONVERSION = YES;
				GCC_WARN_ABOUT_RETURN_TYPE = YES_ERROR;
				GCC_WARN_UNDECLARED_SELECTOR = YES;
				GCC_WARN_UNINITIALIZED_AUTOS = YES_AGGRESSIVE;
				GCC_WARN_UNUSED_FUNCTION = YES;
				GCC_WARN_UNUSED_VARIABLE = YES;
				IPHONEOS_DEPLOYMENT_TARGET = 16.4;
				MTL_ENABLE_DEBUG_INFO = INCLUDE_SOURCE;
				MTL_FAST_MATH = YES;
				ONLY_ACTIVE_ARCH = YES;
				SDKROOT = iphoneos;
				SWIFT_ACTIVE_COMPILATION_CONDITIONS = DEBUG;
				SWIFT_OPTIMIZATION_LEVEL = "-Onone";
			};
			name = Debug;
		};
		8780D62E29ECAB84003E3BCF /* Release */ = {
			isa = XCBuildConfiguration;
			buildSettings = {
				ALWAYS_SEARCH_USER_PATHS = NO;
				CLANG_ANALYZER_NONNULL = YES;
				CLANG_ANALYZER_NUMBER_OBJECT_CONVERSION = YES_AGGRESSIVE;
				CLANG_CXX_LANGUAGE_STANDARD = "gnu++20";
				CLANG_ENABLE_MODULES = YES;
				CLANG_ENABLE_OBJC_ARC = YES;
				CLANG_ENABLE_OBJC_WEAK = YES;
				CLANG_WARN_BLOCK_CAPTURE_AUTORELEASING = YES;
				CLANG_WARN_BOOL_CONVERSION = YES;
				CLANG_WARN_COMMA = YES;
				CLANG_WARN_CONSTANT_CONVERSION = YES;
				CLANG_WARN_DEPRECATED_OBJC_IMPLEMENTATIONS = YES;
				CLANG_WARN_DIRECT_OBJC_ISA_USAGE = YES_ERROR;
				CLANG_WARN_DOCUMENTATION_COMMENTS = YES;
				CLANG_WARN_EMPTY_BODY = YES;
				CLANG_WARN_ENUM_CONVERSION = YES;
				CLANG_WARN_INFINITE_RECURSION = YES;
				CLANG_WARN_INT_CONVERSION = YES;
				CLANG_WARN_NON_LITERAL_NULL_CONVERSION = YES;
				CLANG_WARN_OBJC_IMPLICIT_RETAIN_SELF = YES;
				CLANG_WARN_OBJC_LITERAL_CONVERSION = YES;
				CLANG_WARN_OBJC_ROOT_CLASS = YES_ERROR;
				CLANG_WARN_QUOTED_INCLUDE_IN_FRAMEWORK_HEADER = YES;
				CLANG_WARN_RANGE_LOOP_ANALYSIS = YES;
				CLANG_WARN_STRICT_PROTOTYPES = YES;
				CLANG_WARN_SUSPICIOUS_MOVE = YES;
				CLANG_WARN_UNGUARDED_AVAILABILITY = YES_AGGRESSIVE;
				CLANG_WARN_UNREACHABLE_CODE = YES;
				CLANG_WARN__DUPLICATE_METHOD_MATCH = YES;
				COPY_PHASE_STRIP = NO;
				DEBUG_INFORMATION_FORMAT = "dwarf-with-dsym";
				ENABLE_NS_ASSERTIONS = NO;
				ENABLE_STRICT_OBJC_MSGSEND = YES;
				GCC_C_LANGUAGE_STANDARD = gnu11;
				GCC_NO_COMMON_BLOCKS = YES;
				GCC_WARN_64_TO_32_BIT_CONVERSION = YES;
				GCC_WARN_ABOUT_RETURN_TYPE = YES_ERROR;
				GCC_WARN_UNDECLARED_SELECTOR = YES;
				GCC_WARN_UNINITIALIZED_AUTOS = YES_AGGRESSIVE;
				GCC_WARN_UNUSED_FUNCTION = YES;
				GCC_WARN_UNUSED_VARIABLE = YES;
				IPHONEOS_DEPLOYMENT_TARGET = 16.4;
				MTL_ENABLE_DEBUG_INFO = NO;
				MTL_FAST_MATH = YES;
				SDKROOT = iphoneos;
				SWIFT_COMPILATION_MODE = wholemodule;
				SWIFT_OPTIMIZATION_LEVEL = "-O";
				VALIDATE_PRODUCT = YES;
			};
			name = Release;
		};
		8780D63029ECAB84003E3BCF /* Debug */ = {
			isa = XCBuildConfiguration;
			buildSettings = {
				ASSETCATALOG_COMPILER_APPICON_NAME = AppIcon;
				ASSETCATALOG_COMPILER_GLOBAL_ACCENT_COLOR_NAME = AccentColor;
				CODE_SIGN_STYLE = Automatic;
				CURRENT_PROJECT_VERSION = 1;
				DEVELOPMENT_TEAM = 7TD4LA7HUN;
				GENERATE_INFOPLIST_FILE = YES;
				INFOPLIST_FILE = RickAndMorty/Info.plist;
				INFOPLIST_KEY_UIApplicationSupportsIndirectInputEvents = YES;
				INFOPLIST_KEY_UILaunchStoryboardName = LaunchScreen;
				INFOPLIST_KEY_UISupportedInterfaceOrientations_iPad = "UIInterfaceOrientationPortrait UIInterfaceOrientationPortraitUpsideDown UIInterfaceOrientationLandscapeLeft UIInterfaceOrientationLandscapeRight";
				INFOPLIST_KEY_UISupportedInterfaceOrientations_iPhone = "UIInterfaceOrientationPortrait UIInterfaceOrientationLandscapeLeft UIInterfaceOrientationLandscapeRight";
				LD_RUNPATH_SEARCH_PATHS = (
					"$(inherited)",
					"@executable_path/Frameworks",
				);
				MARKETING_VERSION = 1.0;
				PRODUCT_BUNDLE_IDENTIFIER = None.RickAndMorty;
				PRODUCT_NAME = "$(TARGET_NAME)";
				SWIFT_EMIT_LOC_STRINGS = YES;
				SWIFT_VERSION = 5.0;
				TARGETED_DEVICE_FAMILY = "1,2";
			};
			name = Debug;
		};
		8780D63129ECAB84003E3BCF /* Release */ = {
			isa = XCBuildConfiguration;
			buildSettings = {
				ASSETCATALOG_COMPILER_APPICON_NAME = AppIcon;
				ASSETCATALOG_COMPILER_GLOBAL_ACCENT_COLOR_NAME = AccentColor;
				CODE_SIGN_STYLE = Automatic;
				CURRENT_PROJECT_VERSION = 1;
				DEVELOPMENT_TEAM = 7TD4LA7HUN;
				GENERATE_INFOPLIST_FILE = YES;
				INFOPLIST_FILE = RickAndMorty/Info.plist;
				INFOPLIST_KEY_UIApplicationSupportsIndirectInputEvents = YES;
				INFOPLIST_KEY_UILaunchStoryboardName = LaunchScreen;
				INFOPLIST_KEY_UISupportedInterfaceOrientations_iPad = "UIInterfaceOrientationPortrait UIInterfaceOrientationPortraitUpsideDown UIInterfaceOrientationLandscapeLeft UIInterfaceOrientationLandscapeRight";
				INFOPLIST_KEY_UISupportedInterfaceOrientations_iPhone = "UIInterfaceOrientationPortrait UIInterfaceOrientationLandscapeLeft UIInterfaceOrientationLandscapeRight";
				LD_RUNPATH_SEARCH_PATHS = (
					"$(inherited)",
					"@executable_path/Frameworks",
				);
				MARKETING_VERSION = 1.0;
				PRODUCT_BUNDLE_IDENTIFIER = None.RickAndMorty;
				PRODUCT_NAME = "$(TARGET_NAME)";
				SWIFT_EMIT_LOC_STRINGS = YES;
				SWIFT_VERSION = 5.0;
				TARGETED_DEVICE_FAMILY = "1,2";
			};
			name = Release;
		};
/* End XCBuildConfiguration section */

/* Begin XCConfigurationList section */
		8780D61629ECAB82003E3BCF /* Build configuration list for PBXProject "RickAndMorty" */ = {
			isa = XCConfigurationList;
			buildConfigurations = (
				8780D62D29ECAB84003E3BCF /* Debug */,
				8780D62E29ECAB84003E3BCF /* Release */,
			);
			defaultConfigurationIsVisible = 0;
			defaultConfigurationName = Release;
		};
		8780D62F29ECAB84003E3BCF /* Build configuration list for PBXNativeTarget "RickAndMorty" */ = {
			isa = XCConfigurationList;
			buildConfigurations = (
				8780D63029ECAB84003E3BCF /* Debug */,
				8780D63129ECAB84003E3BCF /* Release */,
			);
			defaultConfigurationIsVisible = 0;
			defaultConfigurationName = Release;
		};
/* End XCConfigurationList section */
	};
	rootObject = 8780D61329ECAB82003E3BCF /* Project object */;
}
